// !$*UTF8*$!
{
	archiveVersion = 1;
	classes = {
	};
	objectVersion = 50;
	objects = {

/* Begin PBXBuildFile section */
		A02474F12586DBE800FE6247 /* AppDelegate.swift in Sources */ = {isa = PBXBuildFile; fileRef = A02474F02586DBE800FE6247 /* AppDelegate.swift */; };
		A02474F32586DBE800FE6247 /* SceneDelegate.swift in Sources */ = {isa = PBXBuildFile; fileRef = A02474F22586DBE800FE6247 /* SceneDelegate.swift */; };
		A02474F52586DBE800FE6247 /* ViewController.swift in Sources */ = {isa = PBXBuildFile; fileRef = A02474F42586DBE800FE6247 /* ViewController.swift */; };
		A02474F82586DBE800FE6247 /* Main.storyboard in Resources */ = {isa = PBXBuildFile; fileRef = A02474F62586DBE800FE6247 /* Main.storyboard */; };
		A02474FA2586DBE800FE6247 /* Assets.xcassets in Resources */ = {isa = PBXBuildFile; fileRef = A02474F92586DBE800FE6247 /* Assets.xcassets */; };
		A02474FD2586DBE800FE6247 /* LaunchScreen.storyboard in Resources */ = {isa = PBXBuildFile; fileRef = A02474FB2586DBE800FE6247 /* LaunchScreen.storyboard */; };
		A02475072586DDB800FE6247 /* FeederPeripheral.swift in Sources */ = {isa = PBXBuildFile; fileRef = A02475062586DDB800FE6247 /* FeederPeripheral.swift */; };
		A024750A25A11FC200FE6247 /* FeederTableViewCell.swift in Sources */ = {isa = PBXBuildFile; fileRef = A024750925A11FC200FE6247 /* FeederTableViewCell.swift */; };
		A024751C25A12B8B00FE6247 /* FeederTableViewController.swift in Sources */ = {isa = PBXBuildFile; fileRef = A024751B25A12B8B00FE6247 /* FeederTableViewController.swift */; };
/* End PBXBuildFile section */

/* Begin PBXFileReference section */
		A02474ED2586DBE800FE6247 /* FeederNet.app */ = {isa = PBXFileReference; explicitFileType = wrapper.application; includeInIndex = 0; path = FeederNet.app; sourceTree = BUILT_PRODUCTS_DIR; };
		A02474F02586DBE800FE6247 /* AppDelegate.swift */ = {isa = PBXFileReference; lastKnownFileType = sourcecode.swift; path = AppDelegate.swift; sourceTree = "<group>"; };
		A02474F22586DBE800FE6247 /* SceneDelegate.swift */ = {isa = PBXFileReference; lastKnownFileType = sourcecode.swift; path = SceneDelegate.swift; sourceTree = "<group>"; };
		A02474F42586DBE800FE6247 /* ViewController.swift */ = {isa = PBXFileReference; lastKnownFileType = sourcecode.swift; path = ViewController.swift; sourceTree = "<group>"; };
		A02474F72586DBE800FE6247 /* Base */ = {isa = PBXFileReference; lastKnownFileType = file.storyboard; name = Base; path = Base.lproj/Main.storyboard; sourceTree = "<group>"; };
		A02474F92586DBE800FE6247 /* Assets.xcassets */ = {isa = PBXFileReference; lastKnownFileType = folder.assetcatalog; path = Assets.xcassets; sourceTree = "<group>"; };
		A02474FC2586DBE800FE6247 /* Base */ = {isa = PBXFileReference; lastKnownFileType = file.storyboard; name = Base; path = Base.lproj/LaunchScreen.storyboard; sourceTree = "<group>"; };
		A02474FE2586DBE800FE6247 /* Info.plist */ = {isa = PBXFileReference; lastKnownFileType = text.plist.xml; path = Info.plist; sourceTree = "<group>"; };
		A02475062586DDB800FE6247 /* FeederPeripheral.swift */ = {isa = PBXFileReference; lastKnownFileType = sourcecode.swift; path = FeederPeripheral.swift; sourceTree = "<group>"; };
		A024750925A11FC200FE6247 /* FeederTableViewCell.swift */ = {isa = PBXFileReference; lastKnownFileType = sourcecode.swift; path = FeederTableViewCell.swift; sourceTree = "<group>"; };
		A024751B25A12B8B00FE6247 /* FeederTableViewController.swift */ = {isa = PBXFileReference; lastKnownFileType = sourcecode.swift; path = FeederTableViewController.swift; sourceTree = "<group>"; };
/* End PBXFileReference section */

/* Begin PBXFrameworksBuildPhase section */
		A02474EA2586DBE800FE6247 /* Frameworks */ = {
			isa = PBXFrameworksBuildPhase;
			buildActionMask = 2147483647;
			files = (
			);
			runOnlyForDeploymentPostprocessing = 0;
		};
/* End PBXFrameworksBuildPhase section */

/* Begin PBXGroup section */
		A02474E42586DBE800FE6247 = {
			isa = PBXGroup;
			children = (
				A02474EF2586DBE800FE6247 /* FeederNet */,
				A02474EE2586DBE800FE6247 /* Products */,
			);
			sourceTree = "<group>";
		};
		A02474EE2586DBE800FE6247 /* Products */ = {
			isa = PBXGroup;
			children = (
				A02474ED2586DBE800FE6247 /* FeederNet.app */,
			);
			name = Products;
			sourceTree = "<group>";
		};
		A02474EF2586DBE800FE6247 /* FeederNet */ = {
			isa = PBXGroup;
			children = (
				A02475052586DD8D00FE6247 /* Models */,
				A02474F02586DBE800FE6247 /* AppDelegate.swift */,
				A02474F22586DBE800FE6247 /* SceneDelegate.swift */,
				A02474F42586DBE800FE6247 /* ViewController.swift */,
				A02474F62586DBE800FE6247 /* Main.storyboard */,
				A024750925A11FC200FE6247 /* FeederTableViewCell.swift */,
				A024751B25A12B8B00FE6247 /* FeederTableViewController.swift */,
				A02474F92586DBE800FE6247 /* Assets.xcassets */,
				A02474FB2586DBE800FE6247 /* LaunchScreen.storyboard */,
				A02474FE2586DBE800FE6247 /* Info.plist */,
			);
			path = FeederNet;
			sourceTree = "<group>";
		};
		A02475052586DD8D00FE6247 /* Models */ = {
			isa = PBXGroup;
			children = (
				A02475062586DDB800FE6247 /* FeederPeripheral.swift */,
			);
			path = Models;
			sourceTree = "<group>";
		};
/* End PBXGroup section */

/* Begin PBXNativeTarget section */
		A02474EC2586DBE800FE6247 /* FeederNet */ = {
			isa = PBXNativeTarget;
			buildConfigurationList = A02475012586DBE800FE6247 /* Build configuration list for PBXNativeTarget "FeederNet" */;
			buildPhases = (
				A02474E92586DBE800FE6247 /* Sources */,
				A02474EA2586DBE800FE6247 /* Frameworks */,
				A02474EB2586DBE800FE6247 /* Resources */,
			);
			buildRules = (
			);
			dependencies = (
			);
			name = FeederNet;
			productName = FeederNet;
			productReference = A02474ED2586DBE800FE6247 /* FeederNet.app */;
			productType = "com.apple.product-type.application";
		};
/* End PBXNativeTarget section */

/* Begin PBXProject section */
		A02474E52586DBE800FE6247 /* Project object */ = {
			isa = PBXProject;
			attributes = {
				LastSwiftUpdateCheck = 1220;
				LastUpgradeCheck = 1220;
				TargetAttributes = {
					A02474EC2586DBE800FE6247 = {
						CreatedOnToolsVersion = 12.2;
					};
				};
			};
			buildConfigurationList = A02474E82586DBE800FE6247 /* Build configuration list for PBXProject "FeederNet" */;
			compatibilityVersion = "Xcode 9.3";
			developmentRegion = en;
			hasScannedForEncodings = 0;
			knownRegions = (
				en,
				Base,
			);
			mainGroup = A02474E42586DBE800FE6247;
			productRefGroup = A02474EE2586DBE800FE6247 /* Products */;
			projectDirPath = "";
			projectRoot = "";
			targets = (
				A02474EC2586DBE800FE6247 /* FeederNet */,
			);
		};
/* End PBXProject section */

/* Begin PBXResourcesBuildPhase section */
		A02474EB2586DBE800FE6247 /* Resources */ = {
			isa = PBXResourcesBuildPhase;
			buildActionMask = 2147483647;
			files = (
				A02474FD2586DBE800FE6247 /* LaunchScreen.storyboard in Resources */,
				A02474FA2586DBE800FE6247 /* Assets.xcassets in Resources */,
				A02474F82586DBE800FE6247 /* Main.storyboard in Resources */,
			);
			runOnlyForDeploymentPostprocessing = 0;
		};
/* End PBXResourcesBuildPhase section */

/* Begin PBXSourcesBuildPhase section */
		A02474E92586DBE800FE6247 /* Sources */ = {
			isa = PBXSourcesBuildPhase;
			buildActionMask = 2147483647;
			files = (
				A024751C25A12B8B00FE6247 /* FeederTableViewController.swift in Sources */,
				A02475072586DDB800FE6247 /* FeederPeripheral.swift in Sources */,
				A02474F52586DBE800FE6247 /* ViewController.swift in Sources */,
				A02474F12586DBE800FE6247 /* AppDelegate.swift in Sources */,
				A02474F32586DBE800FE6247 /* SceneDelegate.swift in Sources */,
				A024750A25A11FC200FE6247 /* FeederTableViewCell.swift in Sources */,
			);
			runOnlyForDeploymentPostprocessing = 0;
		};
/* End PBXSourcesBuildPhase section */

/* Begin PBXVariantGroup section */
		A02474F62586DBE800FE6247 /* Main.storyboard */ = {
			isa = PBXVariantGroup;
			children = (
				A02474F72586DBE800FE6247 /* Base */,
			);
			name = Main.storyboard;
			sourceTree = "<group>";
		};
		A02474FB2586DBE800FE6247 /* LaunchScreen.storyboard */ = {
			isa = PBXVariantGroup;
			children = (
				A02474FC2586DBE800FE6247 /* Base */,
			);
			name = LaunchScreen.storyboard;
			sourceTree = "<group>";
		};
/* End PBXVariantGroup section */

/* Begin XCBuildConfiguration section */
		A02474FF2586DBE800FE6247 /* Debug */ = {
			isa = XCBuildConfiguration;
			buildSettings = {
				ALWAYS_SEARCH_USER_PATHS = NO;
				CLANG_ANALYZER_NONNULL = YES;
				CLANG_ANALYZER_NUMBER_OBJECT_CONVERSION = YES_AGGRESSIVE;
				CLANG_CXX_LANGUAGE_STANDARD = "gnu++14";
				CLANG_CXX_LIBRARY = "libc++";
				CLANG_ENABLE_MODULES = YES;
				CLANG_ENABLE_OBJC_ARC = YES;
				CLANG_ENABLE_OBJC_WEAK = YES;
				CLANG_WARN_BLOCK_CAPTURE_AUTORELEASING = YES;
				CLANG_WARN_BOOL_CONVERSION = YES;
				CLANG_WARN_COMMA = YES;
				CLANG_WARN_CONSTANT_CONVERSION = YES;
				CLANG_WARN_DEPRECATED_OBJC_IMPLEMENTATIONS = YES;
				CLANG_WARN_DIRECT_OBJC_ISA_USAGE = YES_ERROR;
				CLANG_WARN_DOCUMENTATION_COMMENTS = YES;
				CLANG_WARN_EMPTY_BODY = YES;
				CLANG_WARN_ENUM_CONVERSION = YES;
				CLANG_WARN_INFINITE_RECURSION = YES;
				CLANG_WARN_INT_CONVERSION = YES;
				CLANG_WARN_NON_LITERAL_NULL_CONVERSION = YES;
				CLANG_WARN_OBJC_IMPLICIT_RETAIN_SELF = YES;
				CLANG_WARN_OBJC_LITERAL_CONVERSION = YES;
				CLANG_WARN_OBJC_ROOT_CLASS = YES_ERROR;
				CLANG_WARN_QUOTED_INCLUDE_IN_FRAMEWORK_HEADER = YES;
				CLANG_WARN_RANGE_LOOP_ANALYSIS = YES;
				CLANG_WARN_STRICT_PROTOTYPES = YES;
				CLANG_WARN_SUSPICIOUS_MOVE = YES;
				CLANG_WARN_UNGUARDED_AVAILABILITY = YES_AGGRESSIVE;
				CLANG_WARN_UNREACHABLE_CODE = YES;
				CLANG_WARN__DUPLICATE_METHOD_MATCH = YES;
				COPY_PHASE_STRIP = NO;
				DEBUG_INFORMATION_FORMAT = dwarf;
				ENABLE_STRICT_OBJC_MSGSEND = YES;
				ENABLE_TESTABILITY = YES;
				GCC_C_LANGUAGE_STANDARD = gnu11;
				GCC_DYNAMIC_NO_PIC = NO;
				GCC_NO_COMMON_BLOCKS = YES;
				GCC_OPTIMIZATION_LEVEL = 0;
				GCC_PREPROCESSOR_DEFINITIONS = (
					"DEBUG=1",
					"$(inherited)",
				);
				GCC_WARN_64_TO_32_BIT_CONVERSION = YES;
				GCC_WARN_ABOUT_RETURN_TYPE = YES_ERROR;
				GCC_WARN_UNDECLARED_SELECTOR = YES;
				GCC_WARN_UNINITIALIZED_AUTOS = YES_AGGRESSIVE;
				GCC_WARN_UNUSED_FUNCTION = YES;
				GCC_WARN_UNUSED_VARIABLE = YES;
				IPHONEOS_DEPLOYMENT_TARGET = 13.0;
				MTL_ENABLE_DEBUG_INFO = INCLUDE_SOURCE;
				MTL_FAST_MATH = YES;
				ONLY_ACTIVE_ARCH = YES;
				SDKROOT = iphoneos;
				SWIFT_ACTIVE_COMPILATION_CONDITIONS = DEBUG;
				SWIFT_OPTIMIZATION_LEVEL = "-Onone";
			};
			name = Debug;
		};
		A02475002586DBE800FE6247 /* Release */ = {
			isa = XCBuildConfiguration;
			buildSettings = {
				ALWAYS_SEARCH_USER_PATHS = NO;
				CLANG_ANALYZER_NONNULL = YES;
				CLANG_ANALYZER_NUMBER_OBJECT_CONVERSION = YES_AGGRESSIVE;
				CLANG_CXX_LANGUAGE_STANDARD = "gnu++14";
				CLANG_CXX_LIBRARY = "libc++";
				CLANG_ENABLE_MODULES = YES;
				CLANG_ENABLE_OBJC_ARC = YES;
				CLANG_ENABLE_OBJC_WEAK = YES;
				CLANG_WARN_BLOCK_CAPTURE_AUTORELEASING = YES;
				CLANG_WARN_BOOL_CONVERSION = YES;
				CLANG_WARN_COMMA = YES;
				CLANG_WARN_CONSTANT_CONVERSION = YES;
				CLANG_WARN_DEPRECATED_OBJC_IMPLEMENTATIONS = YES;
				CLANG_WARN_DIRECT_OBJC_ISA_USAGE = YES_ERROR;
				CLANG_WARN_DOCUMENTATION_COMMENTS = YES;
				CLANG_WARN_EMPTY_BODY = YES;
				CLANG_WARN_ENUM_CONVERSION = YES;
				CLANG_WARN_INFINITE_RECURSION = YES;
				CLANG_WARN_INT_CONVERSION = YES;
				CLANG_WARN_NON_LITERAL_NULL_CONVERSION = YES;
				CLANG_WARN_OBJC_IMPLICIT_RETAIN_SELF = YES;
				CLANG_WARN_OBJC_LITERAL_CONVERSION = YES;
				CLANG_WARN_OBJC_ROOT_CLASS = YES_ERROR;
				CLANG_WARN_QUOTED_INCLUDE_IN_FRAMEWORK_HEADER = YES;
				CLANG_WARN_RANGE_LOOP_ANALYSIS = YES;
				CLANG_WARN_STRICT_PROTOTYPES = YES;
				CLANG_WARN_SUSPICIOUS_MOVE = YES;
				CLANG_WARN_UNGUARDED_AVAILABILITY = YES_AGGRESSIVE;
				CLANG_WARN_UNREACHABLE_CODE = YES;
				CLANG_WARN__DUPLICATE_METHOD_MATCH = YES;
				COPY_PHASE_STRIP = NO;
				DEBUG_INFORMATION_FORMAT = "dwarf-with-dsym";
				ENABLE_NS_ASSERTIONS = NO;
				ENABLE_STRICT_OBJC_MSGSEND = YES;
				GCC_C_LANGUAGE_STANDARD = gnu11;
				GCC_NO_COMMON_BLOCKS = YES;
				GCC_WARN_64_TO_32_BIT_CONVERSION = YES;
				GCC_WARN_ABOUT_RETURN_TYPE = YES_ERROR;
				GCC_WARN_UNDECLARED_SELECTOR = YES;
				GCC_WARN_UNINITIALIZED_AUTOS = YES_AGGRESSIVE;
				GCC_WARN_UNUSED_FUNCTION = YES;
				GCC_WARN_UNUSED_VARIABLE = YES;
				IPHONEOS_DEPLOYMENT_TARGET = 13.0;
				MTL_ENABLE_DEBUG_INFO = NO;
				MTL_FAST_MATH = YES;
				SDKROOT = iphoneos;
				SWIFT_COMPILATION_MODE = wholemodule;
				SWIFT_OPTIMIZATION_LEVEL = "-O";
				VALIDATE_PRODUCT = YES;
			};
			name = Release;
		};
		A02475022586DBE800FE6247 /* Debug */ = {
			isa = XCBuildConfiguration;
			buildSettings = {
				ASSETCATALOG_COMPILER_APPICON_NAME = AppIcon;
				ASSETCATALOG_COMPILER_GLOBAL_ACCENT_COLOR_NAME = AccentColor;
				CODE_SIGN_STYLE = Automatic;
				DEVELOPMENT_TEAM = 58WY5ZYP98;
				INFOPLIST_FILE = FeederNet/Info.plist;
				LD_RUNPATH_SEARCH_PATHS = (
					"$(inherited)",
					"@executable_path/Frameworks",
				);
				PRODUCT_BUNDLE_IDENTIFIER = io.feedernet.FeederNet;
				PRODUCT_NAME = "$(TARGET_NAME)";
				SWIFT_VERSION = 5.0;
				TARGETED_DEVICE_FAMILY = "1,2";
			};
			name = Debug;
		};
		A02475032586DBE800FE6247 /* Release */ = {
			isa = XCBuildConfiguration;
			buildSettings = {
				ASSETCATALOG_COMPILER_APPICON_NAME = AppIcon;
				ASSETCATALOG_COMPILER_GLOBAL_ACCENT_COLOR_NAME = AccentColor;
				CODE_SIGN_STYLE = Automatic;
				DEVELOPMENT_TEAM = 58WY5ZYP98;
				INFOPLIST_FILE = FeederNet/Info.plist;
				LD_RUNPATH_SEARCH_PATHS = (
					"$(inherited)",
					"@executable_path/Frameworks",
				);
				PRODUCT_BUNDLE_IDENTIFIER = io.feedernet.FeederNet;
				PRODUCT_NAME = "$(TARGET_NAME)";
				SWIFT_VERSION = 5.0;
				TARGETED_DEVICE_FAMILY = "1,2";
			};
			name = Release;
		};
/* End XCBuildConfiguration section */

/* Begin XCConfigurationList section */
		A02474E82586DBE800FE6247 /* Build configuration list for PBXProject "FeederNet" */ = {
			isa = XCConfigurationList;
			buildConfigurations = (
				A02474FF2586DBE800FE6247 /* Debug */,
				A02475002586DBE800FE6247 /* Release */,
			);
			defaultConfigurationIsVisible = 0;
			defaultConfigurationName = Release;
		};
		A02475012586DBE800FE6247 /* Build configuration list for PBXNativeTarget "FeederNet" */ = {
			isa = XCConfigurationList;
			buildConfigurations = (
				A02475022586DBE800FE6247 /* Debug */,
				A02475032586DBE800FE6247 /* Release */,
			);
			defaultConfigurationIsVisible = 0;
			defaultConfigurationName = Release;
		};
/* End XCConfigurationList section */
	};
	rootObject = A02474E52586DBE800FE6247 /* Project object */;
}
